
Microsoft Visual Studio Solution File, Format Version 12.00
# Visual Studio Version 16
VisualStudioVersion = 16.0.29201.188
MinimumVisualStudioVersion = 10.0.40219.1
Project("{FAE04EC0-301F-11D3-BF4B-00C04F79EFBC}") = "20211012", "20211012\20211012.csproj", "{A607268E-2EA6-4A82-A46C-95B7532C26E2}"
EndProject
Global
	GlobalSection(SolutionConfigurationPlatforms) = preSolution
		Debug|Any CPU = Debug|Any CPU
		Release|Any CPU = Release|Any CPU
	EndGlobalSection
	GlobalSection(ProjectConfigurationPlatforms) = postSolution
		{A607268E-2EA6-4A82-A46C-95B7532C26E2}.Debug|Any CPU.ActiveCfg = Debug|Any CPU
		{A607268E-2EA6-4A82-A46C-95B7532C26E2}.Debug|Any CPU.Build.0 = Debug|Any CPU
		{A607268E-2EA6-4A82-A46C-95B7532C26E2}.Release|Any CPU.ActiveCfg = Release|Any CPU
		{A607268E-2EA6-4A82-A46C-95B7532C26E2}.Release|Any CPU.Build.0 = Release|Any CPU
	EndGlobalSection
	GlobalSection(SolutionProperties) = preSolution
		HideSolutionNode = FALSE
	EndGlobalSection
	GlobalSection(ExtensibilityGlobals) = postSolution
		SolutionGuid = {87B507B6-7626-47FB-8745-AE38E35C2270}
	EndGlobalSection
EndGlobal
